
Microsoft Visual Studio Solution File, Format Version 12.00
# Visual Studio Version 16
VisualStudioVersion = 16.6.30114.105
MinimumVisualStudioVersion = 10.0.40219.1
Project("{FAE04EC0-301F-11D3-BF4B-00C04F79EFBC}") = "Models", "WebAPI\Models\Models.csproj", "{47DD0DE1-C341-4F05-BD7D-717C4F37A379}"
EndProject
Project("{FAE04EC0-301F-11D3-BF4B-00C04F79EFBC}") = "Services", "WebAPI\Services\Services.csproj", "{F0B1CE2E-0244-4B11-B3AA-9E63AECDDAAA}"
EndProject
Project("{FAE04EC0-301F-11D3-BF4B-00C04F79EFBC}") = "ViewModels", "WebAPI\ViewModels\ViewModels.csproj", "{65CDF137-394A-41AE-BD78-689B1044D211}"
EndProject
Project("{FAE04EC0-301F-11D3-BF4B-00C04F79EFBC}") = "Resources", "WebAPI\Resources\Resources.csproj", "{F0438661-02A2-4FB5-BE1B-8682715F4EB5}"
EndProject
Project("{FAE04EC0-301F-11D3-BF4B-00C04F79EFBC}") = "Data", "WebAPI\Data\Data.csproj", "{A275F51A-62AF-405A-9B2B-E76A0A857710}"
EndProject
Project("{FAE04EC0-301F-11D3-BF4B-00C04F79EFBC}") = "Validators", "WebAPI\Validators\Validators.csproj", "{774A98E9-8AFB-4248-BF40-3F2547DABCC2}"
EndProject
Project("{FAE04EC0-301F-11D3-BF4B-00C04F79EFBC}") = "XUnitTestProject", "WebAPI\XUnitTestProject\XUnitTestProject.csproj", "{C13433F6-13E1-492D-8C4E-6D9B2469B30A}"
EndProject
Project("{FAE04EC0-301F-11D3-BF4B-00C04F79EFBC}") = "My_Application", "WebAPI\My_Application\My_Application.csproj", "{C910F149-97C9-4DFB-ADB2-6D2DB558B584}"
EndProject
Global
	GlobalSection(SolutionConfigurationPlatforms) = preSolution
		Debug|Any CPU = Debug|Any CPU
		Debug|x64 = Debug|x64
		Debug|x86 = Debug|x86
		Release|Any CPU = Release|Any CPU
		Release|x64 = Release|x64
		Release|x86 = Release|x86
	EndGlobalSection
	GlobalSection(SolutionProperties) = preSolution
		HideSolutionNode = FALSE
	EndGlobalSection
	GlobalSection(ProjectConfigurationPlatforms) = postSolution
		{47DD0DE1-C341-4F05-BD7D-717C4F37A379}.Debug|Any CPU.ActiveCfg = Debug|Any CPU
		{47DD0DE1-C341-4F05-BD7D-717C4F37A379}.Debug|Any CPU.Build.0 = Debug|Any CPU
		{47DD0DE1-C341-4F05-BD7D-717C4F37A379}.Debug|x64.ActiveCfg = Debug|Any CPU
		{47DD0DE1-C341-4F05-BD7D-717C4F37A379}.Debug|x64.Build.0 = Debug|Any CPU
		{47DD0DE1-C341-4F05-BD7D-717C4F37A379}.Debug|x86.ActiveCfg = Debug|Any CPU
		{47DD0DE1-C341-4F05-BD7D-717C4F37A379}.Debug|x86.Build.0 = Debug|Any CPU
		{47DD0DE1-C341-4F05-BD7D-717C4F37A379}.Release|Any CPU.ActiveCfg = Release|Any CPU
		{47DD0DE1-C341-4F05-BD7D-717C4F37A379}.Release|Any CPU.Build.0 = Release|Any CPU
		{47DD0DE1-C341-4F05-BD7D-717C4F37A379}.Release|x64.ActiveCfg = Release|Any CPU
		{47DD0DE1-C341-4F05-BD7D-717C4F37A379}.Release|x64.Build.0 = Release|Any CPU
		{47DD0DE1-C341-4F05-BD7D-717C4F37A379}.Release|x86.ActiveCfg = Release|Any CPU
		{47DD0DE1-C341-4F05-BD7D-717C4F37A379}.Release|x86.Build.0 = Release|Any CPU
		{F0B1CE2E-0244-4B11-B3AA-9E63AECDDAAA}.Debug|Any CPU.ActiveCfg = Debug|Any CPU
		{F0B1CE2E-0244-4B11-B3AA-9E63AECDDAAA}.Debug|Any CPU.Build.0 = Debug|Any CPU
		{F0B1CE2E-0244-4B11-B3AA-9E63AECDDAAA}.Debug|x64.ActiveCfg = Debug|Any CPU
		{F0B1CE2E-0244-4B11-B3AA-9E63AECDDAAA}.Debug|x64.Build.0 = Debug|Any CPU
		{F0B1CE2E-0244-4B11-B3AA-9E63AECDDAAA}.Debug|x86.ActiveCfg = Debug|Any CPU
		{F0B1CE2E-0244-4B11-B3AA-9E63AECDDAAA}.Debug|x86.Build.0 = Debug|Any CPU
		{F0B1CE2E-0244-4B11-B3AA-9E63AECDDAAA}.Release|Any CPU.ActiveCfg = Release|Any CPU
		{F0B1CE2E-0244-4B11-B3AA-9E63AECDDAAA}.Release|Any CPU.Build.0 = Release|Any CPU
		{F0B1CE2E-0244-4B11-B3AA-9E63AECDDAAA}.Release|x64.ActiveCfg = Release|Any CPU
		{F0B1CE2E-0244-4B11-B3AA-9E63AECDDAAA}.Release|x64.Build.0 = Release|Any CPU
		{F0B1CE2E-0244-4B11-B3AA-9E63AECDDAAA}.Release|x86.ActiveCfg = Release|Any CPU
		{F0B1CE2E-0244-4B11-B3AA-9E63AECDDAAA}.Release|x86.Build.0 = Release|Any CPU
		{65CDF137-394A-41AE-BD78-689B1044D211}.Debug|Any CPU.ActiveCfg = Debug|Any CPU
		{65CDF137-394A-41AE-BD78-689B1044D211}.Debug|Any CPU.Build.0 = Debug|Any CPU
		{65CDF137-394A-41AE-BD78-689B1044D211}.Debug|x64.ActiveCfg = Debug|Any CPU
		{65CDF137-394A-41AE-BD78-689B1044D211}.Debug|x64.Build.0 = Debug|Any CPU
		{65CDF137-394A-41AE-BD78-689B1044D211}.Debug|x86.ActiveCfg = Debug|Any CPU
		{65CDF137-394A-41AE-BD78-689B1044D211}.Debug|x86.Build.0 = Debug|Any CPU
		{65CDF137-394A-41AE-BD78-689B1044D211}.Release|Any CPU.ActiveCfg = Release|Any CPU
		{65CDF137-394A-41AE-BD78-689B1044D211}.Release|Any CPU.Build.0 = Release|Any CPU
		{65CDF137-394A-41AE-BD78-689B1044D211}.Release|x64.ActiveCfg = Release|Any CPU
		{65CDF137-394A-41AE-BD78-689B1044D211}.Release|x64.Build.0 = Release|Any CPU
		{65CDF137-394A-41AE-BD78-689B1044D211}.Release|x86.ActiveCfg = Release|Any CPU
		{65CDF137-394A-41AE-BD78-689B1044D211}.Release|x86.Build.0 = Release|Any CPU
		{F0438661-02A2-4FB5-BE1B-8682715F4EB5}.Debug|Any CPU.ActiveCfg = Debug|Any CPU
		{F0438661-02A2-4FB5-BE1B-8682715F4EB5}.Debug|Any CPU.Build.0 = Debug|Any CPU
		{F0438661-02A2-4FB5-BE1B-8682715F4EB5}.Debug|x64.ActiveCfg = Debug|Any CPU
		{F0438661-02A2-4FB5-BE1B-8682715F4EB5}.Debug|x64.Build.0 = Debug|Any CPU
		{F0438661-02A2-4FB5-BE1B-8682715F4EB5}.Debug|x86.ActiveCfg = Debug|Any CPU
		{F0438661-02A2-4FB5-BE1B-8682715F4EB5}.Debug|x86.Build.0 = Debug|Any CPU
		{F0438661-02A2-4FB5-BE1B-8682715F4EB5}.Release|Any CPU.ActiveCfg = Release|Any CPU
		{F0438661-02A2-4FB5-BE1B-8682715F4EB5}.Release|Any CPU.Build.0 = Release|Any CPU
		{F0438661-02A2-4FB5-BE1B-8682715F4EB5}.Release|x64.ActiveCfg = Release|Any CPU
		{F0438661-02A2-4FB5-BE1B-8682715F4EB5}.Release|x64.Build.0 = Release|Any CPU
		{F0438661-02A2-4FB5-BE1B-8682715F4EB5}.Release|x86.ActiveCfg = Release|Any CPU
		{F0438661-02A2-4FB5-BE1B-8682715F4EB5}.Release|x86.Build.0 = Release|Any CPU
		{A275F51A-62AF-405A-9B2B-E76A0A857710}.Debug|Any CPU.ActiveCfg = Debug|Any CPU
		{A275F51A-62AF-405A-9B2B-E76A0A857710}.Debug|Any CPU.Build.0 = Debug|Any CPU
		{A275F51A-62AF-405A-9B2B-E76A0A857710}.Debug|x64.ActiveCfg = Debug|Any CPU
		{A275F51A-62AF-405A-9B2B-E76A0A857710}.Debug|x64.Build.0 = Debug|Any CPU
		{A275F51A-62AF-405A-9B2B-E76A0A857710}.Debug|x86.ActiveCfg = Debug|Any CPU
		{A275F51A-62AF-405A-9B2B-E76A0A857710}.Debug|x86.Build.0 = Debug|Any CPU
		{A275F51A-62AF-405A-9B2B-E76A0A857710}.Release|Any CPU.ActiveCfg = Release|Any CPU
		{A275F51A-62AF-405A-9B2B-E76A0A857710}.Release|Any CPU.Build.0 = Release|Any CPU
		{A275F51A-62AF-405A-9B2B-E76A0A857710}.Release|x64.ActiveCfg = Release|Any CPU
		{A275F51A-62AF-405A-9B2B-E76A0A857710}.Release|x64.Build.0 = Release|Any CPU
		{A275F51A-62AF-405A-9B2B-E76A0A857710}.Release|x86.ActiveCfg = Release|Any CPU
		{A275F51A-62AF-405A-9B2B-E76A0A857710}.Release|x86.Build.0 = Release|Any CPU
		{774A98E9-8AFB-4248-BF40-3F2547DABCC2}.Debug|Any CPU.ActiveCfg = Debug|Any CPU
		{774A98E9-8AFB-4248-BF40-3F2547DABCC2}.Debug|Any CPU.Build.0 = Debug|Any CPU
		{774A98E9-8AFB-4248-BF40-3F2547DABCC2}.Debug|x64.ActiveCfg = Debug|Any CPU
		{774A98E9-8AFB-4248-BF40-3F2547DABCC2}.Debug|x64.Build.0 = Debug|Any CPU
		{774A98E9-8AFB-4248-BF40-3F2547DABCC2}.Debug|x86.ActiveCfg = Debug|Any CPU
		{774A98E9-8AFB-4248-BF40-3F2547DABCC2}.Debug|x86.Build.0 = Debug|Any CPU
		{774A98E9-8AFB-4248-BF40-3F2547DABCC2}.Release|Any CPU.ActiveCfg = Release|Any CPU
		{774A98E9-8AFB-4248-BF40-3F2547DABCC2}.Release|Any CPU.Build.0 = Release|Any CPU
		{774A98E9-8AFB-4248-BF40-3F2547DABCC2}.Release|x64.ActiveCfg = Release|Any CPU
		{774A98E9-8AFB-4248-BF40-3F2547DABCC2}.Release|x64.Build.0 = Release|Any CPU
		{774A98E9-8AFB-4248-BF40-3F2547DABCC2}.Release|x86.ActiveCfg = Release|Any CPU
		{774A98E9-8AFB-4248-BF40-3F2547DABCC2}.Release|x86.Build.0 = Release|Any CPU
		{C13433F6-13E1-492D-8C4E-6D9B2469B30A}.Debug|Any CPU.ActiveCfg = Debug|Any CPU
		{C13433F6-13E1-492D-8C4E-6D9B2469B30A}.Debug|Any CPU.Build.0 = Debug|Any CPU
		{C13433F6-13E1-492D-8C4E-6D9B2469B30A}.Debug|x64.ActiveCfg = Debug|Any CPU
		{C13433F6-13E1-492D-8C4E-6D9B2469B30A}.Debug|x64.Build.0 = Debug|Any CPU
		{C13433F6-13E1-492D-8C4E-6D9B2469B30A}.Debug|x86.ActiveCfg = Debug|Any CPU
		{C13433F6-13E1-492D-8C4E-6D9B2469B30A}.Debug|x86.Build.0 = Debug|Any CPU
		{C13433F6-13E1-492D-8C4E-6D9B2469B30A}.Release|Any CPU.ActiveCfg = Release|Any CPU
		{C13433F6-13E1-492D-8C4E-6D9B2469B30A}.Release|Any CPU.Build.0 = Release|Any CPU
		{C13433F6-13E1-492D-8C4E-6D9B2469B30A}.Release|x64.ActiveCfg = Release|Any CPU
		{C13433F6-13E1-492D-8C4E-6D9B2469B30A}.Release|x64.Build.0 = Release|Any CPU
		{C13433F6-13E1-492D-8C4E-6D9B2469B30A}.Release|x86.ActiveCfg = Release|Any CPU
		{C13433F6-13E1-492D-8C4E-6D9B2469B30A}.Release|x86.Build.0 = Release|Any CPU
		{C910F149-97C9-4DFB-ADB2-6D2DB558B584}.Debug|Any CPU.ActiveCfg = Debug|Any CPU
		{C910F149-97C9-4DFB-ADB2-6D2DB558B584}.Debug|Any CPU.Build.0 = Debug|Any CPU
		{C910F149-97C9-4DFB-ADB2-6D2DB558B584}.Debug|x64.ActiveCfg = Debug|Any CPU
		{C910F149-97C9-4DFB-ADB2-6D2DB558B584}.Debug|x64.Build.0 = Debug|Any CPU
		{C910F149-97C9-4DFB-ADB2-6D2DB558B584}.Debug|x86.ActiveCfg = Debug|Any CPU
		{C910F149-97C9-4DFB-ADB2-6D2DB558B584}.Debug|x86.Build.0 = Debug|Any CPU
		{C910F149-97C9-4DFB-ADB2-6D2DB558B584}.Release|Any CPU.ActiveCfg = Release|Any CPU
		{C910F149-97C9-4DFB-ADB2-6D2DB558B584}.Release|Any CPU.Build.0 = Release|Any CPU
		{C910F149-97C9-4DFB-ADB2-6D2DB558B584}.Release|x64.ActiveCfg = Release|Any CPU
		{C910F149-97C9-4DFB-ADB2-6D2DB558B584}.Release|x64.Build.0 = Release|Any CPU
		{C910F149-97C9-4DFB-ADB2-6D2DB558B584}.Release|x86.ActiveCfg = Release|Any CPU
		{C910F149-97C9-4DFB-ADB2-6D2DB558B584}.Release|x86.Build.0 = Release|Any CPU
	EndGlobalSection
EndGlobal
